
Microsoft Visual Studio Solution File, Format Version 12.00
# Visual Studio Version 16
VisualStudioVersion = 16.0.31829.152
MinimumVisualStudioVersion = 10.0.40219.1
Project("{FAE04EC0-301F-11D3-BF4B-00C04F79EFBC}") = "WebAPI", "WebAPI\WebAPI.csproj", "{DCEB9ECA-DB4F-4C47-AC60-B9F155C9D1E0}"
EndProject
Global
	GlobalSection(SolutionConfigurationPlatforms) = preSolution
		Debug|Any CPU = Debug|Any CPU
		Release|Any CPU = Release|Any CPU
	EndGlobalSection
	GlobalSection(ProjectConfigurationPlatforms) = postSolution
		{DCEB9ECA-DB4F-4C47-AC60-B9F155C9D1E0}.Debug|Any CPU.ActiveCfg = Debug|Any CPU
		{DCEB9ECA-DB4F-4C47-AC60-B9F155C9D1E0}.Debug|Any CPU.Build.0 = Debug|Any CPU
		{DCEB9ECA-DB4F-4C47-AC60-B9F155C9D1E0}.Release|Any CPU.ActiveCfg = Release|Any CPU
		{DCEB9ECA-DB4F-4C47-AC60-B9F155C9D1E0}.Release|Any CPU.Build.0 = Release|Any CPU
	EndGlobalSection
	GlobalSection(SolutionProperties) = preSolution
		HideSolutionNode = FALSE
	EndGlobalSection
	GlobalSection(ExtensibilityGlobals) = postSolution
		SolutionGuid = {B37F1BB3-09A8-47B4-B1B4-A288726425FE}
	EndGlobalSection
EndGlobal
